// !$*UTF8*$!
{
	archiveVersion = 1;
	classes = {
	};
	objectVersion = 56;
	objects = {

/* Begin PBXBuildFile section */
		DCACCB25297C2E1100DBA171 /* TinyTasksApp.swift in Sources */ = {isa = PBXBuildFile; fileRef = DCACCB24297C2E1100DBA171 /* TinyTasksApp.swift */; };
		DCACCB27297C2E1100DBA171 /* Persistence.swift in Sources */ = {isa = PBXBuildFile; fileRef = DCACCB26297C2E1100DBA171 /* Persistence.swift */; };
		DCACCB2A297C2E1100DBA171 /* TinyTasks.xcdatamodeld in Sources */ = {isa = PBXBuildFile; fileRef = DCACCB28297C2E1100DBA171 /* TinyTasks.xcdatamodeld */; };
		DCACCB2C297C2E1100DBA171 /* ContentView.swift in Sources */ = {isa = PBXBuildFile; fileRef = DCACCB2B297C2E1100DBA171 /* ContentView.swift */; };
		DCACCB2E297C2E1200DBA171 /* Assets.xcassets in Resources */ = {isa = PBXBuildFile; fileRef = DCACCB2D297C2E1200DBA171 /* Assets.xcassets */; };
		DCACCB32297C2E1200DBA171 /* Preview Assets.xcassets in Resources */ = {isa = PBXBuildFile; fileRef = DCACCB31297C2E1200DBA171 /* Preview Assets.xcassets */; };
		DCACCB3C297C2E1300DBA171 /* TinyTasksTests.swift in Sources */ = {isa = PBXBuildFile; fileRef = DCACCB3B297C2E1300DBA171 /* TinyTasksTests.swift */; };
		DCACCB46297C2E1300DBA171 /* TinyTasksUITests.swift in Sources */ = {isa = PBXBuildFile; fileRef = DCACCB45297C2E1300DBA171 /* TinyTasksUITests.swift */; };
		DCACCB48297C2E1300DBA171 /* TinyTasksUITestsLaunchTests.swift in Sources */ = {isa = PBXBuildFile; fileRef = DCACCB47297C2E1300DBA171 /* TinyTasksUITestsLaunchTests.swift */; };
/* End PBXBuildFile section */

/* Begin PBXContainerItemProxy section */
		DCACCB38297C2E1300DBA171 /* PBXContainerItemProxy */ = {
			isa = PBXContainerItemProxy;
			containerPortal = DCACCB19297C2E1100DBA171 /* Project object */;
			proxyType = 1;
			remoteGlobalIDString = DCACCB20297C2E1100DBA171;
			remoteInfo = TinyTasks;
		};
		DCACCB42297C2E1300DBA171 /* PBXContainerItemProxy */ = {
			isa = PBXContainerItemProxy;
			containerPortal = DCACCB19297C2E1100DBA171 /* Project object */;
			proxyType = 1;
			remoteGlobalIDString = DCACCB20297C2E1100DBA171;
			remoteInfo = TinyTasks;
		};
/* End PBXContainerItemProxy section */

/* Begin PBXFileReference section */
		DCACCB21297C2E1100DBA171 /* TinyTasks.app */ = {isa = PBXFileReference; explicitFileType = wrapper.application; includeInIndex = 0; path = TinyTasks.app; sourceTree = BUILT_PRODUCTS_DIR; };
		DCACCB24297C2E1100DBA171 /* TinyTasksApp.swift */ = {isa = PBXFileReference; lastKnownFileType = sourcecode.swift; path = TinyTasksApp.swift; sourceTree = "<group>"; };
		DCACCB26297C2E1100DBA171 /* Persistence.swift */ = {isa = PBXFileReference; lastKnownFileType = sourcecode.swift; path = Persistence.swift; sourceTree = "<group>"; };
		DCACCB29297C2E1100DBA171 /* TinyTasks.xcdatamodel */ = {isa = PBXFileReference; lastKnownFileType = wrapper.xcdatamodel; path = TinyTasks.xcdatamodel; sourceTree = "<group>"; };
		DCACCB2B297C2E1100DBA171 /* ContentView.swift */ = {isa = PBXFileReference; lastKnownFileType = sourcecode.swift; path = ContentView.swift; sourceTree = "<group>"; };
		DCACCB2D297C2E1200DBA171 /* Assets.xcassets */ = {isa = PBXFileReference; lastKnownFileType = folder.assetcatalog; path = Assets.xcassets; sourceTree = "<group>"; };
		DCACCB2F297C2E1200DBA171 /* TinyTasks.entitlements */ = {isa = PBXFileReference; lastKnownFileType = text.plist.entitlements; path = TinyTasks.entitlements; sourceTree = "<group>"; };
		DCACCB31297C2E1200DBA171 /* Preview Assets.xcassets */ = {isa = PBXFileReference; lastKnownFileType = folder.assetcatalog; path = "Preview Assets.xcassets"; sourceTree = "<group>"; };
		DCACCB37297C2E1300DBA171 /* TinyTasksTests.xctest */ = {isa = PBXFileReference; explicitFileType = wrapper.cfbundle; includeInIndex = 0; path = TinyTasksTests.xctest; sourceTree = BUILT_PRODUCTS_DIR; };
		DCACCB3B297C2E1300DBA171 /* TinyTasksTests.swift */ = {isa = PBXFileReference; lastKnownFileType = sourcecode.swift; path = TinyTasksTests.swift; sourceTree = "<group>"; };
		DCACCB41297C2E1300DBA171 /* TinyTasksUITests.xctest */ = {isa = PBXFileReference; explicitFileType = wrapper.cfbundle; includeInIndex = 0; path = TinyTasksUITests.xctest; sourceTree = BUILT_PRODUCTS_DIR; };
		DCACCB45297C2E1300DBA171 /* TinyTasksUITests.swift */ = {isa = PBXFileReference; lastKnownFileType = sourcecode.swift; path = TinyTasksUITests.swift; sourceTree = "<group>"; };
		DCACCB47297C2E1300DBA171 /* TinyTasksUITestsLaunchTests.swift */ = {isa = PBXFileReference; lastKnownFileType = sourcecode.swift; path = TinyTasksUITestsLaunchTests.swift; sourceTree = "<group>"; };
/* End PBXFileReference section */

/* Begin PBXFrameworksBuildPhase section */
		DCACCB1E297C2E1100DBA171 /* Frameworks */ = {
			isa = PBXFrameworksBuildPhase;
			buildActionMask = 2147483647;
			files = (
			);
			runOnlyForDeploymentPostprocessing = 0;
		};
		DCACCB34297C2E1300DBA171 /* Frameworks */ = {
			isa = PBXFrameworksBuildPhase;
			buildActionMask = 2147483647;
			files = (
			);
			runOnlyForDeploymentPostprocessing = 0;
		};
		DCACCB3E297C2E1300DBA171 /* Frameworks */ = {
			isa = PBXFrameworksBuildPhase;
			buildActionMask = 2147483647;
			files = (
			);
			runOnlyForDeploymentPostprocessing = 0;
		};
/* End PBXFrameworksBuildPhase section */

/* Begin PBXGroup section */
		DCACCB18297C2E1100DBA171 = {
			isa = PBXGroup;
			children = (
				DCACCB23297C2E1100DBA171 /* TinyTasks */,
				DCACCB3A297C2E1300DBA171 /* TinyTasksTests */,
				DCACCB44297C2E1300DBA171 /* TinyTasksUITests */,
				DCACCB22297C2E1100DBA171 /* Products */,
			);
			sourceTree = "<group>";
		};
		DCACCB22297C2E1100DBA171 /* Products */ = {
			isa = PBXGroup;
			children = (
				DCACCB21297C2E1100DBA171 /* TinyTasks.app */,
				DCACCB37297C2E1300DBA171 /* TinyTasksTests.xctest */,
				DCACCB41297C2E1300DBA171 /* TinyTasksUITests.xctest */,
			);
			name = Products;
			sourceTree = "<group>";
		};
		DCACCB23297C2E1100DBA171 /* TinyTasks */ = {
			isa = PBXGroup;
			children = (
				DCACCB24297C2E1100DBA171 /* TinyTasksApp.swift */,
				DCACCB26297C2E1100DBA171 /* Persistence.swift */,
				DCACCB2B297C2E1100DBA171 /* ContentView.swift */,
				DCACCB2D297C2E1200DBA171 /* Assets.xcassets */,
				DCACCB2F297C2E1200DBA171 /* TinyTasks.entitlements */,
				DCACCB28297C2E1100DBA171 /* TinyTasks.xcdatamodeld */,
				DCACCB30297C2E1200DBA171 /* Preview Content */,
			);
			path = TinyTasks;
			sourceTree = "<group>";
		};
		DCACCB30297C2E1200DBA171 /* Preview Content */ = {
			isa = PBXGroup;
			children = (
				DCACCB31297C2E1200DBA171 /* Preview Assets.xcassets */,
			);
			path = "Preview Content";
			sourceTree = "<group>";
		};
		DCACCB3A297C2E1300DBA171 /* TinyTasksTests */ = {
			isa = PBXGroup;
			children = (
				DCACCB3B297C2E1300DBA171 /* TinyTasksTests.swift */,
			);
			path = TinyTasksTests;
			sourceTree = "<group>";
		};
		DCACCB44297C2E1300DBA171 /* TinyTasksUITests */ = {
			isa = PBXGroup;
			children = (
				DCACCB45297C2E1300DBA171 /* TinyTasksUITests.swift */,
				DCACCB47297C2E1300DBA171 /* TinyTasksUITestsLaunchTests.swift */,
			);
			path = TinyTasksUITests;
			sourceTree = "<group>";
		};
/* End PBXGroup section */

/* Begin PBXNativeTarget section */
		DCACCB20297C2E1100DBA171 /* TinyTasks */ = {
			isa = PBXNativeTarget;
			buildConfigurationList = DCACCB4B297C2E1300DBA171 /* Build configuration list for PBXNativeTarget "TinyTasks" */;
			buildPhases = (
				DCACCB1D297C2E1100DBA171 /* Sources */,
				DCACCB1E297C2E1100DBA171 /* Frameworks */,
				DCACCB1F297C2E1100DBA171 /* Resources */,
			);
			buildRules = (
			);
			dependencies = (
			);
			name = TinyTasks;
			productName = TinyTasks;
			productReference = DCACCB21297C2E1100DBA171 /* TinyTasks.app */;
			productType = "com.apple.product-type.application";
		};
		DCACCB36297C2E1300DBA171 /* TinyTasksTests */ = {
			isa = PBXNativeTarget;
			buildConfigurationList = DCACCB4E297C2E1300DBA171 /* Build configuration list for PBXNativeTarget "TinyTasksTests" */;
			buildPhases = (
				DCACCB33297C2E1300DBA171 /* Sources */,
				DCACCB34297C2E1300DBA171 /* Frameworks */,
				DCACCB35297C2E1300DBA171 /* Resources */,
			);
			buildRules = (
			);
			dependencies = (
				DCACCB39297C2E1300DBA171 /* PBXTargetDependency */,
			);
			name = TinyTasksTests;
			productName = TinyTasksTests;
			productReference = DCACCB37297C2E1300DBA171 /* TinyTasksTests.xctest */;
			productType = "com.apple.product-type.bundle.unit-test";
		};
		DCACCB40297C2E1300DBA171 /* TinyTasksUITests */ = {
			isa = PBXNativeTarget;
			buildConfigurationList = DCACCB51297C2E1300DBA171 /* Build configuration list for PBXNativeTarget "TinyTasksUITests" */;
			buildPhases = (
				DCACCB3D297C2E1300DBA171 /* Sources */,
				DCACCB3E297C2E1300DBA171 /* Frameworks */,
				DCACCB3F297C2E1300DBA171 /* Resources */,
			);
			buildRules = (
			);
			dependencies = (
				DCACCB43297C2E1300DBA171 /* PBXTargetDependency */,
			);
			name = TinyTasksUITests;
			productName = TinyTasksUITests;
			productReference = DCACCB41297C2E1300DBA171 /* TinyTasksUITests.xctest */;
			productType = "com.apple.product-type.bundle.ui-testing";
		};
/* End PBXNativeTarget section */

/* Begin PBXProject section */
		DCACCB19297C2E1100DBA171 /* Project object */ = {
			isa = PBXProject;
			attributes = {
				BuildIndependentTargetsInParallel = 1;
				LastSwiftUpdateCheck = 1420;
				LastUpgradeCheck = 1420;
				TargetAttributes = {
					DCACCB20297C2E1100DBA171 = {
						CreatedOnToolsVersion = 14.2;
					};
					DCACCB36297C2E1300DBA171 = {
						CreatedOnToolsVersion = 14.2;
						TestTargetID = DCACCB20297C2E1100DBA171;
					};
					DCACCB40297C2E1300DBA171 = {
						CreatedOnToolsVersion = 14.2;
						TestTargetID = DCACCB20297C2E1100DBA171;
					};
				};
			};
			buildConfigurationList = DCACCB1C297C2E1100DBA171 /* Build configuration list for PBXProject "TinyTasks" */;
			compatibilityVersion = "Xcode 14.0";
			developmentRegion = en;
			hasScannedForEncodings = 0;
			knownRegions = (
				en,
				Base,
			);
			mainGroup = DCACCB18297C2E1100DBA171;
			productRefGroup = DCACCB22297C2E1100DBA171 /* Products */;
			projectDirPath = "";
			projectRoot = "";
			targets = (
				DCACCB20297C2E1100DBA171 /* TinyTasks */,
				DCACCB36297C2E1300DBA171 /* TinyTasksTests */,
				DCACCB40297C2E1300DBA171 /* TinyTasksUITests */,
			);
		};
/* End PBXProject section */

/* Begin PBXResourcesBuildPhase section */
		DCACCB1F297C2E1100DBA171 /* Resources */ = {
			isa = PBXResourcesBuildPhase;
			buildActionMask = 2147483647;
			files = (
				DCACCB32297C2E1200DBA171 /* Preview Assets.xcassets in Resources */,
				DCACCB2E297C2E1200DBA171 /* Assets.xcassets in Resources */,
			);
			runOnlyForDeploymentPostprocessing = 0;
		};
		DCACCB35297C2E1300DBA171 /* Resources */ = {
			isa = PBXResourcesBuildPhase;
			buildActionMask = 2147483647;
			files = (
			);
			runOnlyForDeploymentPostprocessing = 0;
		};
		DCACCB3F297C2E1300DBA171 /* Resources */ = {
			isa = PBXResourcesBuildPhase;
			buildActionMask = 2147483647;
			files = (
			);
			runOnlyForDeploymentPostprocessing = 0;
		};
/* End PBXResourcesBuildPhase section */

/* Begin PBXSourcesBuildPhase section */
		DCACCB1D297C2E1100DBA171 /* Sources */ = {
			isa = PBXSourcesBuildPhase;
			buildActionMask = 2147483647;
			files = (
				DCACCB25297C2E1100DBA171 /* TinyTasksApp.swift in Sources */,
				DCACCB27297C2E1100DBA171 /* Persistence.swift in Sources */,
				DCACCB2C297C2E1100DBA171 /* ContentView.swift in Sources */,
				DCACCB2A297C2E1100DBA171 /* TinyTasks.xcdatamodeld in Sources */,
			);
			runOnlyForDeploymentPostprocessing = 0;
		};
		DCACCB33297C2E1300DBA171 /* Sources */ = {
			isa = PBXSourcesBuildPhase;
			buildActionMask = 2147483647;
			files = (
				DCACCB3C297C2E1300DBA171 /* TinyTasksTests.swift in Sources */,
			);
			runOnlyForDeploymentPostprocessing = 0;
		};
		DCACCB3D297C2E1300DBA171 /* Sources */ = {
			isa = PBXSourcesBuildPhase;
			buildActionMask = 2147483647;
			files = (
				DCACCB46297C2E1300DBA171 /* TinyTasksUITests.swift in Sources */,
				DCACCB48297C2E1300DBA171 /* TinyTasksUITestsLaunchTests.swift in Sources */,
			);
			runOnlyForDeploymentPostprocessing = 0;
		};
/* End PBXSourcesBuildPhase section */

/* Begin PBXTargetDependency section */
		DCACCB39297C2E1300DBA171 /* PBXTargetDependency */ = {
			isa = PBXTargetDependency;
			target = DCACCB20297C2E1100DBA171 /* TinyTasks */;
			targetProxy = DCACCB38297C2E1300DBA171 /* PBXContainerItemProxy */;
		};
		DCACCB43297C2E1300DBA171 /* PBXTargetDependency */ = {
			isa = PBXTargetDependency;
			target = DCACCB20297C2E1100DBA171 /* TinyTasks */;
			targetProxy = DCACCB42297C2E1300DBA171 /* PBXContainerItemProxy */;
		};
/* End PBXTargetDependency section */

/* Begin XCBuildConfiguration section */
		DCACCB49297C2E1300DBA171 /* Debug */ = {
			isa = XCBuildConfiguration;
			buildSettings = {
				ALWAYS_SEARCH_USER_PATHS = NO;
				CLANG_ANALYZER_NONNULL = YES;
				CLANG_ANALYZER_NUMBER_OBJECT_CONVERSION = YES_AGGRESSIVE;
				CLANG_CXX_LANGUAGE_STANDARD = "gnu++20";
				CLANG_ENABLE_MODULES = YES;
				CLANG_ENABLE_OBJC_ARC = YES;
				CLANG_ENABLE_OBJC_WEAK = YES;
				CLANG_WARN_BLOCK_CAPTURE_AUTORELEASING = YES;
				CLANG_WARN_BOOL_CONVERSION = YES;
				CLANG_WARN_COMMA = YES;
				CLANG_WARN_CONSTANT_CONVERSION = YES;
				CLANG_WARN_DEPRECATED_OBJC_IMPLEMENTATIONS = YES;
				CLANG_WARN_DIRECT_OBJC_ISA_USAGE = YES_ERROR;
				CLANG_WARN_DOCUMENTATION_COMMENTS = YES;
				CLANG_WARN_EMPTY_BODY = YES;
				CLANG_WARN_ENUM_CONVERSION = YES;
				CLANG_WARN_INFINITE_RECURSION = YES;
				CLANG_WARN_INT_CONVERSION = YES;
				CLANG_WARN_NON_LITERAL_NULL_CONVERSION = YES;
				CLANG_WARN_OBJC_IMPLICIT_RETAIN_SELF = YES;
				CLANG_WARN_OBJC_LITERAL_CONVERSION = YES;
				CLANG_WARN_OBJC_ROOT_CLASS = YES_ERROR;
				CLANG_WARN_QUOTED_INCLUDE_IN_FRAMEWORK_HEADER = YES;
				CLANG_WARN_RANGE_LOOP_ANALYSIS = YES;
				CLANG_WARN_STRICT_PROTOTYPES = YES;
				CLANG_WARN_SUSPICIOUS_MOVE = YES;
				CLANG_WARN_UNGUARDED_AVAILABILITY = YES_AGGRESSIVE;
				CLANG_WARN_UNREACHABLE_CODE = YES;
				CLANG_WARN__DUPLICATE_METHOD_MATCH = YES;
				COPY_PHASE_STRIP = NO;
				DEBUG_INFORMATION_FORMAT = dwarf;
				ENABLE_STRICT_OBJC_MSGSEND = YES;
				ENABLE_TESTABILITY = YES;
				GCC_C_LANGUAGE_STANDARD = gnu11;
				GCC_DYNAMIC_NO_PIC = NO;
				GCC_NO_COMMON_BLOCKS = YES;
				GCC_OPTIMIZATION_LEVEL = 0;
				GCC_PREPROCESSOR_DEFINITIONS = (
					"DEBUG=1",
					"$(inherited)",
				);
				GCC_WARN_64_TO_32_BIT_CONVERSION = YES;
				GCC_WARN_ABOUT_RETURN_TYPE = YES_ERROR;
				GCC_WARN_UNDECLARED_SELECTOR = YES;
				GCC_WARN_UNINITIALIZED_AUTOS = YES_AGGRESSIVE;
				GCC_WARN_UNUSED_FUNCTION = YES;
				GCC_WARN_UNUSED_VARIABLE = YES;
				MTL_ENABLE_DEBUG_INFO = INCLUDE_SOURCE;
				MTL_FAST_MATH = YES;
				ONLY_ACTIVE_ARCH = YES;
				SWIFT_ACTIVE_COMPILATION_CONDITIONS = DEBUG;
				SWIFT_OPTIMIZATION_LEVEL = "-Onone";
			};
			name = Debug;
		};
		DCACCB4A297C2E1300DBA171 /* Release */ = {
			isa = XCBuildConfiguration;
			buildSettings = {
				ALWAYS_SEARCH_USER_PATHS = NO;
				CLANG_ANALYZER_NONNULL = YES;
				CLANG_ANALYZER_NUMBER_OBJECT_CONVERSION = YES_AGGRESSIVE;
				CLANG_CXX_LANGUAGE_STANDARD = "gnu++20";
				CLANG_ENABLE_MODULES = YES;
				CLANG_ENABLE_OBJC_ARC = YES;
				CLANG_ENABLE_OBJC_WEAK = YES;
				CLANG_WARN_BLOCK_CAPTURE_AUTORELEASING = YES;
				CLANG_WARN_BOOL_CONVERSION = YES;
				CLANG_WARN_COMMA = YES;
				CLANG_WARN_CONSTANT_CONVERSION = YES;
				CLANG_WARN_DEPRECATED_OBJC_IMPLEMENTATIONS = YES;
				CLANG_WARN_DIRECT_OBJC_ISA_USAGE = YES_ERROR;
				CLANG_WARN_DOCUMENTATION_COMMENTS = YES;
				CLANG_WARN_EMPTY_BODY = YES;
				CLANG_WARN_ENUM_CONVERSION = YES;
				CLANG_WARN_INFINITE_RECURSION = YES;
				CLANG_WARN_INT_CONVERSION = YES;
				CLANG_WARN_NON_LITERAL_NULL_CONVERSION = YES;
				CLANG_WARN_OBJC_IMPLICIT_RETAIN_SELF = YES;
				CLANG_WARN_OBJC_LITERAL_CONVERSION = YES;
				CLANG_WARN_OBJC_ROOT_CLASS = YES_ERROR;
				CLANG_WARN_QUOTED_INCLUDE_IN_FRAMEWORK_HEADER = YES;
				CLANG_WARN_RANGE_LOOP_ANALYSIS = YES;
				CLANG_WARN_STRICT_PROTOTYPES = YES;
				CLANG_WARN_SUSPICIOUS_MOVE = YES;
				CLANG_WARN_UNGUARDED_AVAILABILITY = YES_AGGRESSIVE;
				CLANG_WARN_UNREACHABLE_CODE = YES;
				CLANG_WARN__DUPLICATE_METHOD_MATCH = YES;
				COPY_PHASE_STRIP = NO;
				DEBUG_INFORMATION_FORMAT = "dwarf-with-dsym";
				ENABLE_NS_ASSERTIONS = NO;
				ENABLE_STRICT_OBJC_MSGSEND = YES;
				GCC_C_LANGUAGE_STANDARD = gnu11;
				GCC_NO_COMMON_BLOCKS = YES;
				GCC_WARN_64_TO_32_BIT_CONVERSION = YES;
				GCC_WARN_ABOUT_RETURN_TYPE = YES_ERROR;
				GCC_WARN_UNDECLARED_SELECTOR = YES;
				GCC_WARN_UNINITIALIZED_AUTOS = YES_AGGRESSIVE;
				GCC_WARN_UNUSED_FUNCTION = YES;
				GCC_WARN_UNUSED_VARIABLE = YES;
				MTL_ENABLE_DEBUG_INFO = NO;
				MTL_FAST_MATH = YES;
				SWIFT_COMPILATION_MODE = wholemodule;
				SWIFT_OPTIMIZATION_LEVEL = "-O";
			};
			name = Release;
		};
		DCACCB4C297C2E1300DBA171 /* Debug */ = {
			isa = XCBuildConfiguration;
			buildSettings = {
				ASSETCATALOG_COMPILER_APPICON_NAME = AppIcon;
				ASSETCATALOG_COMPILER_GLOBAL_ACCENT_COLOR_NAME = AccentColor;
				CODE_SIGN_ENTITLEMENTS = TinyTasks/TinyTasks.entitlements;
				CODE_SIGN_STYLE = Automatic;
				CURRENT_PROJECT_VERSION = 1;
				DEVELOPMENT_ASSET_PATHS = "\"TinyTasks/Preview Content\"";
				DEVELOPMENT_TEAM = 97KRHRL7FT;
				ENABLE_HARDENED_RUNTIME = YES;
				ENABLE_PREVIEWS = YES;
				GENERATE_INFOPLIST_FILE = YES;
				"INFOPLIST_KEY_UIApplicationSceneManifest_Generation[sdk=iphoneos*]" = YES;
				"INFOPLIST_KEY_UIApplicationSceneManifest_Generation[sdk=iphonesimulator*]" = YES;
				"INFOPLIST_KEY_UIApplicationSupportsIndirectInputEvents[sdk=iphoneos*]" = YES;
				"INFOPLIST_KEY_UIApplicationSupportsIndirectInputEvents[sdk=iphonesimulator*]" = YES;
				"INFOPLIST_KEY_UILaunchScreen_Generation[sdk=iphoneos*]" = YES;
				"INFOPLIST_KEY_UILaunchScreen_Generation[sdk=iphonesimulator*]" = YES;
				"INFOPLIST_KEY_UIStatusBarStyle[sdk=iphoneos*]" = UIStatusBarStyleDefault;
				"INFOPLIST_KEY_UIStatusBarStyle[sdk=iphonesimulator*]" = UIStatusBarStyleDefault;
				INFOPLIST_KEY_UISupportedInterfaceOrientations_iPad = "UIInterfaceOrientationPortrait UIInterfaceOrientationPortraitUpsideDown UIInterfaceOrientationLandscapeLeft UIInterfaceOrientationLandscapeRight";
				INFOPLIST_KEY_UISupportedInterfaceOrientations_iPhone = "UIInterfaceOrientationPortrait UIInterfaceOrientationLandscapeLeft UIInterfaceOrientationLandscapeRight";
				IPHONEOS_DEPLOYMENT_TARGET = 16.2;
				LD_RUNPATH_SEARCH_PATHS = "@executable_path/Frameworks";
				"LD_RUNPATH_SEARCH_PATHS[sdk=macosx*]" = "@executable_path/../Frameworks";
				MACOSX_DEPLOYMENT_TARGET = 12.5;
				MARKETING_VERSION = 1.0;
				PRODUCT_BUNDLE_IDENTIFIER = "com.lego.tiny-tasks.TinyTasks";
				PRODUCT_NAME = "$(TARGET_NAME)";
				SDKROOT = auto;
				SUPPORTED_PLATFORMS = "iphoneos iphonesimulator macosx";
				SWIFT_EMIT_LOC_STRINGS = YES;
				SWIFT_VERSION = 5.0;
				TARGETED_DEVICE_FAMILY = "1,2";
			};
			name = Debug;
		};
		DCACCB4D297C2E1300DBA171 /* Release */ = {
			isa = XCBuildConfiguration;
			buildSettings = {
				ASSETCATALOG_COMPILER_APPICON_NAME = AppIcon;
				ASSETCATALOG_COMPILER_GLOBAL_ACCENT_COLOR_NAME = AccentColor;
				CODE_SIGN_ENTITLEMENTS = TinyTasks/TinyTasks.entitlements;
				CODE_SIGN_STYLE = Automatic;
				CURRENT_PROJECT_VERSION = 1;
				DEVELOPMENT_ASSET_PATHS = "\"TinyTasks/Preview Content\"";
				DEVELOPMENT_TEAM = 97KRHRL7FT;
				ENABLE_HARDENED_RUNTIME = YES;
				ENABLE_PREVIEWS = YES;
				GENERATE_INFOPLIST_FILE = YES;
				"INFOPLIST_KEY_UIApplicationSceneManifest_Generation[sdk=iphoneos*]" = YES;
				"INFOPLIST_KEY_UIApplicationSceneManifest_Generation[sdk=iphonesimulator*]" = YES;
				"INFOPLIST_KEY_UIApplicationSupportsIndirectInputEvents[sdk=iphoneos*]" = YES;
				"INFOPLIST_KEY_UIApplicationSupportsIndirectInputEvents[sdk=iphonesimulator*]" = YES;
				"INFOPLIST_KEY_UILaunchScreen_Generation[sdk=iphoneos*]" = YES;
				"INFOPLIST_KEY_UILaunchScreen_Generation[sdk=iphonesimulator*]" = YES;
				"INFOPLIST_KEY_UIStatusBarStyle[sdk=iphoneos*]" = UIStatusBarStyleDefault;
				"INFOPLIST_KEY_UIStatusBarStyle[sdk=iphonesimulator*]" = UIStatusBarStyleDefault;
				INFOPLIST_KEY_UISupportedInterfaceOrientations_iPad = "UIInterfaceOrientationPortrait UIInterfaceOrientationPortraitUpsideDown UIInterfaceOrientationLandscapeLeft UIInterfaceOrientationLandscapeRight";
				INFOPLIST_KEY_UISupportedInterfaceOrientations_iPhone = "UIInterfaceOrientationPortrait UIInterfaceOrientationLandscapeLeft UIInterfaceOrientationLandscapeRight";
				IPHONEOS_DEPLOYMENT_TARGET = 16.2;
				LD_RUNPATH_SEARCH_PATHS = "@executable_path/Frameworks";
				"LD_RUNPATH_SEARCH_PATHS[sdk=macosx*]" = "@executable_path/../Frameworks";
				MACOSX_DEPLOYMENT_TARGET = 12.5;
				MARKETING_VERSION = 1.0;
				PRODUCT_BUNDLE_IDENTIFIER = "com.lego.tiny-tasks.TinyTasks";
				PRODUCT_NAME = "$(TARGET_NAME)";
				SDKROOT = auto;
				SUPPORTED_PLATFORMS = "iphoneos iphonesimulator macosx";
				SWIFT_EMIT_LOC_STRINGS = YES;
				SWIFT_VERSION = 5.0;
				TARGETED_DEVICE_FAMILY = "1,2";
			};
			name = Release;
		};
		DCACCB4F297C2E1300DBA171 /* Debug */ = {
			isa = XCBuildConfiguration;
			buildSettings = {
				ALWAYS_EMBED_SWIFT_STANDARD_LIBRARIES = YES;
				BUNDLE_LOADER = "$(TEST_HOST)";
				CODE_SIGN_STYLE = Automatic;
				CURRENT_PROJECT_VERSION = 1;
				DEVELOPMENT_TEAM = 97KRHRL7FT;
				GENERATE_INFOPLIST_FILE = YES;
				IPHONEOS_DEPLOYMENT_TARGET = 16.2;
				MACOSX_DEPLOYMENT_TARGET = 12.5;
				MARKETING_VERSION = 1.0;
				PRODUCT_BUNDLE_IDENTIFIER = "com.lego.tiny-tasks.TinyTasksTests";
				PRODUCT_NAME = "$(TARGET_NAME)";
				SDKROOT = auto;
				SUPPORTED_PLATFORMS = "iphoneos iphonesimulator macosx";
				SWIFT_EMIT_LOC_STRINGS = NO;
				SWIFT_VERSION = 5.0;
				TARGETED_DEVICE_FAMILY = "1,2";
				TEST_HOST = "$(BUILT_PRODUCTS_DIR)/TinyTasks.app/$(BUNDLE_EXECUTABLE_FOLDER_PATH)/TinyTasks";
			};
			name = Debug;
		};
		DCACCB50297C2E1300DBA171 /* Release */ = {
			isa = XCBuildConfiguration;
			buildSettings = {
				ALWAYS_EMBED_SWIFT_STANDARD_LIBRARIES = YES;
				BUNDLE_LOADER = "$(TEST_HOST)";
				CODE_SIGN_STYLE = Automatic;
				CURRENT_PROJECT_VERSION = 1;
				DEVELOPMENT_TEAM = 97KRHRL7FT;
				GENERATE_INFOPLIST_FILE = YES;
				IPHONEOS_DEPLOYMENT_TARGET = 16.2;
				MACOSX_DEPLOYMENT_TARGET = 12.5;
				MARKETING_VERSION = 1.0;
				PRODUCT_BUNDLE_IDENTIFIER = "com.lego.tiny-tasks.TinyTasksTests";
				PRODUCT_NAME = "$(TARGET_NAME)";
				SDKROOT = auto;
				SUPPORTED_PLATFORMS = "iphoneos iphonesimulator macosx";
				SWIFT_EMIT_LOC_STRINGS = NO;
				SWIFT_VERSION = 5.0;
				TARGETED_DEVICE_FAMILY = "1,2";
				TEST_HOST = "$(BUILT_PRODUCTS_DIR)/TinyTasks.app/$(BUNDLE_EXECUTABLE_FOLDER_PATH)/TinyTasks";
			};
			name = Release;
		};
		DCACCB52297C2E1300DBA171 /* Debug */ = {
			isa = XCBuildConfiguration;
			buildSettings = {
				ALWAYS_EMBED_SWIFT_STANDARD_LIBRARIES = YES;
				CODE_SIGN_STYLE = Automatic;
				CURRENT_PROJECT_VERSION = 1;
				DEVELOPMENT_TEAM = 97KRHRL7FT;
				GENERATE_INFOPLIST_FILE = YES;
				IPHONEOS_DEPLOYMENT_TARGET = 16.2;
				MACOSX_DEPLOYMENT_TARGET = 12.5;
				MARKETING_VERSION = 1.0;
				PRODUCT_BUNDLE_IDENTIFIER = "com.lego.tiny-tasks.TinyTasksUITests";
				PRODUCT_NAME = "$(TARGET_NAME)";
				SDKROOT = auto;
				SUPPORTED_PLATFORMS = "iphoneos iphonesimulator macosx";
				SWIFT_EMIT_LOC_STRINGS = NO;
				SWIFT_VERSION = 5.0;
				TARGETED_DEVICE_FAMILY = "1,2";
				TEST_TARGET_NAME = TinyTasks;
			};
			name = Debug;
		};
		DCACCB53297C2E1300DBA171 /* Release */ = {
			isa = XCBuildConfiguration;
			buildSettings = {
				ALWAYS_EMBED_SWIFT_STANDARD_LIBRARIES = YES;
				CODE_SIGN_STYLE = Automatic;
				CURRENT_PROJECT_VERSION = 1;
				DEVELOPMENT_TEAM = 97KRHRL7FT;
				GENERATE_INFOPLIST_FILE = YES;
				IPHONEOS_DEPLOYMENT_TARGET = 16.2;
				MACOSX_DEPLOYMENT_TARGET = 12.5;
				MARKETING_VERSION = 1.0;
				PRODUCT_BUNDLE_IDENTIFIER = "com.lego.tiny-tasks.TinyTasksUITests";
				PRODUCT_NAME = "$(TARGET_NAME)";
				SDKROOT = auto;
				SUPPORTED_PLATFORMS = "iphoneos iphonesimulator macosx";
				SWIFT_EMIT_LOC_STRINGS = NO;
				SWIFT_VERSION = 5.0;
				TARGETED_DEVICE_FAMILY = "1,2";
				TEST_TARGET_NAME = TinyTasks;
			};
			name = Release;
		};
/* End XCBuildConfiguration section */

/* Begin XCConfigurationList section */
		DCACCB1C297C2E1100DBA171 /* Build configuration list for PBXProject "TinyTasks" */ = {
			isa = XCConfigurationList;
			buildConfigurations = (
				DCACCB49297C2E1300DBA171 /* Debug */,
				DCACCB4A297C2E1300DBA171 /* Release */,
			);
			defaultConfigurationIsVisible = 0;
			defaultConfigurationName = Release;
		};
		DCACCB4B297C2E1300DBA171 /* Build configuration list for PBXNativeTarget "TinyTasks" */ = {
			isa = XCConfigurationList;
			buildConfigurations = (
				DCACCB4C297C2E1300DBA171 /* Debug */,
				DCACCB4D297C2E1300DBA171 /* Release */,
			);
			defaultConfigurationIsVisible = 0;
			defaultConfigurationName = Release;
		};
		DCACCB4E297C2E1300DBA171 /* Build configuration list for PBXNativeTarget "TinyTasksTests" */ = {
			isa = XCConfigurationList;
			buildConfigurations = (
				DCACCB4F297C2E1300DBA171 /* Debug */,
				DCACCB50297C2E1300DBA171 /* Release */,
			);
			defaultConfigurationIsVisible = 0;
			defaultConfigurationName = Release;
		};
		DCACCB51297C2E1300DBA171 /* Build configuration list for PBXNativeTarget "TinyTasksUITests" */ = {
			isa = XCConfigurationList;
			buildConfigurations = (
				DCACCB52297C2E1300DBA171 /* Debug */,
				DCACCB53297C2E1300DBA171 /* Release */,
			);
			defaultConfigurationIsVisible = 0;
			defaultConfigurationName = Release;
		};
/* End XCConfigurationList section */

/* Begin XCVersionGroup section */
		DCACCB28297C2E1100DBA171 /* TinyTasks.xcdatamodeld */ = {
			isa = XCVersionGroup;
			children = (
				DCACCB29297C2E1100DBA171 /* TinyTasks.xcdatamodel */,
			);
			currentVersion = DCACCB29297C2E1100DBA171 /* TinyTasks.xcdatamodel */;
			path = TinyTasks.xcdatamodeld;
			sourceTree = "<group>";
			versionGroupType = wrapper.xcdatamodel;
		};
/* End XCVersionGroup section */
	};
	rootObject = DCACCB19297C2E1100DBA171 /* Project object */;
}
